// !$*UTF8*$!
{
	archiveVersion = 1;
	classes = {
	};
	objectVersion = 50;
	objects = {

/* Begin PBXBuildFile section */
		BD03CE862249E93E00235611 /* camera.cc in Sources */ = {isa = PBXBuildFile; fileRef = BD03CE842249E93D00235611 /* camera.cc */; };
		BD03CE892249EA5400235611 /* nanosuit.cc in Sources */ = {isa = PBXBuildFile; fileRef = BD03CE872249EA5400235611 /* nanosuit.cc */; };
		BD098BC9220D4D2600E34A0A /* render_pass.cc in Sources */ = {isa = PBXBuildFile; fileRef = BD098BC7220D4D2600E34A0A /* render_pass.cc */; };
		BD151CB4220BF9A300A6FC75 /* pipeline.cc in Sources */ = {isa = PBXBuildFile; fileRef = BD151CB2220BF9A300A6FC75 /* pipeline.cc */; };
		BD2435A121AD9B1C00027627 /* main.cc in Sources */ = {isa = PBXBuildFile; fileRef = BD2435A021AD9B1C00027627 /* main.cc */; };
		BD2F0E9E222B2D5800B4ACD5 /* cube.cc in Sources */ = {isa = PBXBuildFile; fileRef = BD2F0E9C222B2D5800B4ACD5 /* cube.cc */; };
		BD30819C21B1929300F30C2C /* validation.cc in Sources */ = {isa = PBXBuildFile; fileRef = BD30819A21B1929300F30C2C /* validation.cc */; };
		BD34960421AF3F4000F4C000 /* libglfw.3.3.dylib in Frameworks */ = {isa = PBXBuildFile; fileRef = BD34960321AF3F4000F4C000 /* libglfw.3.3.dylib */; };
		BD34960521AF3F4500F4C000 /* libglfw.3.3.dylib in Copy Files */ = {isa = PBXBuildFile; fileRef = BD34960321AF3F4000F4C000 /* libglfw.3.3.dylib */; settings = {ATTRIBUTES = (CodeSignOnCopy, ); }; };
		BD4717B92219E9AB00B860D0 /* util.cc in Sources */ = {isa = PBXBuildFile; fileRef = BD4717B82219E9AB00B860D0 /* util.cc */; };
		BD5F5F1121FA43DD006BD2AC /* libvulkan.1.dylib in Frameworks */ = {isa = PBXBuildFile; fileRef = BD5F5F1021FA43DD006BD2AC /* libvulkan.1.dylib */; };
		BD5F5F1221FA43E0006BD2AC /* libvulkan.1.dylib in Copy Files */ = {isa = PBXBuildFile; fileRef = BD5F5F1021FA43DD006BD2AC /* libvulkan.1.dylib */; settings = {ATTRIBUTES = (CodeSignOnCopy, ); }; };
		BD60051E223CA5D300D17D03 /* image.cc in Sources */ = {isa = PBXBuildFile; fileRef = BD60051C223CA5D300D17D03 /* image.cc */; };
		BD6B371B223A03C700D69CDB /* texture in Copy Files */ = {isa = PBXBuildFile; fileRef = BD6B371A223A03C700D69CDB /* texture */; };
		BD6BAC282211432500906E78 /* basic_object.cc in Sources */ = {isa = PBXBuildFile; fileRef = BD6BAC262211432500906E78 /* basic_object.cc */; };
		BD6D210F221000E800FF1910 /* command.cc in Sources */ = {isa = PBXBuildFile; fileRef = BD6D210D221000E800FF1910 /* command.cc */; };
		BD73B87A224C6E48008373CA /* window.cc in Sources */ = {isa = PBXBuildFile; fileRef = BD73B878224C6E48008373CA /* window.cc */; };
		BD7AF4F62245DFF800F657A7 /* model.cc in Sources */ = {isa = PBXBuildFile; fileRef = BD7AF4F42245DFF800F657A7 /* model.cc */; };
		BD7B1E94222A63AD00EF0956 /* synchronize.cc in Sources */ = {isa = PBXBuildFile; fileRef = BD7B1E92222A63AD00EF0956 /* synchronize.cc */; };
		BD7C0CAD2217C74200009BE5 /* buffer.cc in Sources */ = {isa = PBXBuildFile; fileRef = BD7C0CAB2217C74200009BE5 /* buffer.cc */; };
		BDA11AB12206323F003092B8 /* swapchain.cc in Sources */ = {isa = PBXBuildFile; fileRef = BDA11AAF2206323F003092B8 /* swapchain.cc */; };
		BDAA32D7223EA99D00448A2A /* descriptor.cc in Sources */ = {isa = PBXBuildFile; fileRef = BDAA32D5223EA99D00448A2A /* descriptor.cc */; };
		BDC658292230EC5D00505B22 /* context.cc in Sources */ = {isa = PBXBuildFile; fileRef = BDC658272230EC5D00505B22 /* context.cc */; };
		BDE3C01F2238A9B100AE8701 /* compiled in Copy Files */ = {isa = PBXBuildFile; fileRef = BDE3C01E2238A9B100AE8701 /* compiled */; };
/* End PBXBuildFile section */

/* Begin PBXCopyFilesBuildPhase section */
		BD24359B21AD9B1C00027627 /* Copy Files */ = {
			isa = PBXCopyFilesBuildPhase;
			buildActionMask = 12;
			dstPath = "";
			dstSubfolderSpec = 7;
			files = (
				BD6B371B223A03C700D69CDB /* texture in Copy Files */,
				BDE3C01F2238A9B100AE8701 /* compiled in Copy Files */,
				BD5F5F1221FA43E0006BD2AC /* libvulkan.1.dylib in Copy Files */,
				BD34960521AF3F4500F4C000 /* libglfw.3.3.dylib in Copy Files */,
			);
			name = "Copy Files";
			runOnlyForDeploymentPostprocessing = 0;
		};
/* End PBXCopyFilesBuildPhase section */

/* Begin PBXFileReference section */
		BD03CE842249E93D00235611 /* camera.cc */ = {isa = PBXFileReference; fileEncoding = 4; lastKnownFileType = sourcecode.cpp.cpp; path = camera.cc; sourceTree = "<group>"; };
		BD03CE852249E93D00235611 /* camera.h */ = {isa = PBXFileReference; fileEncoding = 4; lastKnownFileType = sourcecode.c.h; path = camera.h; sourceTree = "<group>"; };
		BD03CE872249EA5400235611 /* nanosuit.cc */ = {isa = PBXFileReference; lastKnownFileType = sourcecode.cpp.cpp; path = nanosuit.cc; sourceTree = "<group>"; };
		BD03CE882249EA5400235611 /* nanosuit.h */ = {isa = PBXFileReference; lastKnownFileType = sourcecode.c.h; path = nanosuit.h; sourceTree = "<group>"; };
		BD098BC7220D4D2600E34A0A /* render_pass.cc */ = {isa = PBXFileReference; lastKnownFileType = sourcecode.cpp.cpp; path = render_pass.cc; sourceTree = "<group>"; };
		BD098BC8220D4D2600E34A0A /* render_pass.h */ = {isa = PBXFileReference; lastKnownFileType = sourcecode.c.h; path = render_pass.h; sourceTree = "<group>"; };
		BD151CB2220BF9A300A6FC75 /* pipeline.cc */ = {isa = PBXFileReference; lastKnownFileType = sourcecode.cpp.cpp; path = pipeline.cc; sourceTree = "<group>"; };
		BD151CB3220BF9A300A6FC75 /* pipeline.h */ = {isa = PBXFileReference; lastKnownFileType = sourcecode.c.h; path = pipeline.h; sourceTree = "<group>"; };
		BD24359D21AD9B1C00027627 /* LearnVulkan */ = {isa = PBXFileReference; explicitFileType = "compiled.mach-o.executable"; includeInIndex = 0; path = LearnVulkan; sourceTree = BUILT_PRODUCTS_DIR; };
		BD2435A021AD9B1C00027627 /* main.cc */ = {isa = PBXFileReference; lastKnownFileType = sourcecode.cpp.cpp; path = main.cc; sourceTree = "<group>"; };
		BD2F0E9C222B2D5800B4ACD5 /* cube.cc */ = {isa = PBXFileReference; lastKnownFileType = sourcecode.cpp.cpp; path = cube.cc; sourceTree = "<group>"; };
		BD2F0E9D222B2D5800B4ACD5 /* cube.h */ = {isa = PBXFileReference; lastKnownFileType = sourcecode.c.h; path = cube.h; sourceTree = "<group>"; };
		BD30819A21B1929300F30C2C /* validation.cc */ = {isa = PBXFileReference; lastKnownFileType = sourcecode.cpp.cpp; path = validation.cc; sourceTree = "<group>"; };
		BD30819B21B1929300F30C2C /* validation.h */ = {isa = PBXFileReference; lastKnownFileType = sourcecode.c.h; path = validation.h; sourceTree = "<group>"; };
		BD34960321AF3F4000F4C000 /* libglfw.3.3.dylib */ = {isa = PBXFileReference; lastKnownFileType = "compiled.mach-o.dylib"; name = libglfw.3.3.dylib; path = "../../../../../usr/local/Cellar/glfw/HEAD-bb2ca1d/lib/libglfw.3.3.dylib"; sourceTree = "<group>"; };
		BD4717B82219E9AB00B860D0 /* util.cc */ = {isa = PBXFileReference; lastKnownFileType = sourcecode.cpp.cpp; path = util.cc; sourceTree = "<group>"; };
		BD5F5F1021FA43DD006BD2AC /* libvulkan.1.dylib */ = {isa = PBXFileReference; lastKnownFileType = "compiled.mach-o.dylib"; name = libvulkan.1.dylib; path = ../libs/vulkan/macOS/lib/libvulkan.1.dylib; sourceTree = "<group>"; };
		BD60051C223CA5D300D17D03 /* image.cc */ = {isa = PBXFileReference; lastKnownFileType = sourcecode.cpp.cpp; path = image.cc; sourceTree = "<group>"; };
		BD60051D223CA5D300D17D03 /* image.h */ = {isa = PBXFileReference; lastKnownFileType = sourcecode.c.h; path = image.h; sourceTree = "<group>"; };
		BD6B371A223A03C700D69CDB /* texture */ = {isa = PBXFileReference; lastKnownFileType = folder; path = texture; sourceTree = "<group>"; };
		BD6BAC262211432500906E78 /* basic_object.cc */ = {isa = PBXFileReference; lastKnownFileType = sourcecode.cpp.cpp; path = basic_object.cc; sourceTree = "<group>"; };
		BD6BAC272211432500906E78 /* basic_object.h */ = {isa = PBXFileReference; lastKnownFileType = sourcecode.c.h; path = basic_object.h; sourceTree = "<group>"; };
		BD6D210D221000E800FF1910 /* command.cc */ = {isa = PBXFileReference; lastKnownFileType = sourcecode.cpp.cpp; path = command.cc; sourceTree = "<group>"; };
		BD6D210E221000E800FF1910 /* command.h */ = {isa = PBXFileReference; lastKnownFileType = sourcecode.c.h; path = command.h; sourceTree = "<group>"; };
		BD73B878224C6E48008373CA /* window.cc */ = {isa = PBXFileReference; lastKnownFileType = sourcecode.cpp.cpp; path = window.cc; sourceTree = "<group>"; };
		BD73B879224C6E48008373CA /* window.h */ = {isa = PBXFileReference; lastKnownFileType = sourcecode.c.h; path = window.h; sourceTree = "<group>"; };
		BD7AF4F42245DFF800F657A7 /* model.cc */ = {isa = PBXFileReference; lastKnownFileType = sourcecode.cpp.cpp; path = model.cc; sourceTree = "<group>"; };
		BD7AF4F52245DFF800F657A7 /* model.h */ = {isa = PBXFileReference; lastKnownFileType = sourcecode.c.h; path = model.h; sourceTree = "<group>"; };
		BD7B1E92222A63AD00EF0956 /* synchronize.cc */ = {isa = PBXFileReference; lastKnownFileType = sourcecode.cpp.cpp; path = synchronize.cc; sourceTree = "<group>"; };
		BD7B1E93222A63AD00EF0956 /* synchronize.h */ = {isa = PBXFileReference; lastKnownFileType = sourcecode.c.h; path = synchronize.h; sourceTree = "<group>"; };
		BD7C0CAB2217C74200009BE5 /* buffer.cc */ = {isa = PBXFileReference; lastKnownFileType = sourcecode.cpp.cpp; path = buffer.cc; sourceTree = "<group>"; };
		BD7C0CAC2217C74200009BE5 /* buffer.h */ = {isa = PBXFileReference; lastKnownFileType = sourcecode.c.h; path = buffer.h; sourceTree = "<group>"; };
		BDA11AAD22061C7B003092B8 /* util.h */ = {isa = PBXFileReference; lastKnownFileType = sourcecode.c.h; path = util.h; sourceTree = "<group>"; };
		BDA11AAF2206323F003092B8 /* swapchain.cc */ = {isa = PBXFileReference; lastKnownFileType = sourcecode.cpp.cpp; path = swapchain.cc; sourceTree = "<group>"; };
		BDA11AB02206323F003092B8 /* swapchain.h */ = {isa = PBXFileReference; lastKnownFileType = sourcecode.c.h; path = swapchain.h; sourceTree = "<group>"; };
		BDA71386220A9997007FD13C /* simple.vert */ = {isa = PBXFileReference; lastKnownFileType = sourcecode.glsl; path = simple.vert; sourceTree = "<group>"; };
		BDA71387220A9A90007FD13C /* simple.frag */ = {isa = PBXFileReference; lastKnownFileType = sourcecode.glsl; path = simple.frag; sourceTree = "<group>"; };
		BDAA32D5223EA99D00448A2A /* descriptor.cc */ = {isa = PBXFileReference; lastKnownFileType = sourcecode.cpp.cpp; path = descriptor.cc; sourceTree = "<group>"; };
		BDAA32D6223EA99D00448A2A /* descriptor.h */ = {isa = PBXFileReference; lastKnownFileType = sourcecode.c.h; path = descriptor.h; sourceTree = "<group>"; };
		BDC658272230EC5D00505B22 /* context.cc */ = {isa = PBXFileReference; lastKnownFileType = sourcecode.cpp.cpp; path = context.cc; sourceTree = "<group>"; };
		BDC658282230EC5D00505B22 /* context.h */ = {isa = PBXFileReference; lastKnownFileType = sourcecode.c.h; path = context.h; sourceTree = "<group>"; };
		BDE3C01E2238A9B100AE8701 /* compiled */ = {isa = PBXFileReference; lastKnownFileType = folder; path = compiled; sourceTree = "<group>"; };
/* End PBXFileReference section */

/* Begin PBXFrameworksBuildPhase section */
		BD24359A21AD9B1C00027627 /* Frameworks */ = {
			isa = PBXFrameworksBuildPhase;
			buildActionMask = 2147483647;
			files = (
				BD5F5F1121FA43DD006BD2AC /* libvulkan.1.dylib in Frameworks */,
				BD34960421AF3F4000F4C000 /* libglfw.3.3.dylib in Frameworks */,
			);
			runOnlyForDeploymentPostprocessing = 0;
		};
/* End PBXFrameworksBuildPhase section */

/* Begin PBXGroup section */
		BD24359421AD9B1C00027627 = {
			isa = PBXGroup;
			children = (
				BD24359F21AD9B1C00027627 /* LearnVulkan */,
				BD24359E21AD9B1C00027627 /* Products */,
				BDA56D7A21ADA0B700A4B992 /* Frameworks */,
			);
			sourceTree = "<group>";
		};
		BD24359E21AD9B1C00027627 /* Products */ = {
			isa = PBXGroup;
			children = (
				BD24359D21AD9B1C00027627 /* LearnVulkan */,
			);
			name = Products;
			sourceTree = "<group>";
		};
		BD24359F21AD9B1C00027627 /* LearnVulkan */ = {
			isa = PBXGroup;
			children = (
				BD2435A021AD9B1C00027627 /* main.cc */,
				BD03CE842249E93D00235611 /* camera.cc */,
				BD03CE852249E93D00235611 /* camera.h */,
				BD4717B82219E9AB00B860D0 /* util.cc */,
				BDA11AAD22061C7B003092B8 /* util.h */,
				BD73B878224C6E48008373CA /* window.cc */,
				BD73B879224C6E48008373CA /* window.h */,
				BDC34001223393FC003CD06D /* application */,
				BDA71385220A96B5007FD13C /* shader */,
				BD6B371A223A03C700D69CDB /* texture */,
				BD2F0E9F222B71E000B4ACD5 /* wrapper */,
			);
			path = LearnVulkan;
			sourceTree = "<group>";
		};
		BD2F0E9F222B71E000B4ACD5 /* wrapper */ = {
			isa = PBXGroup;
			children = (
				BD6BAC262211432500906E78 /* basic_object.cc */,
				BD6BAC272211432500906E78 /* basic_object.h */,
				BD7C0CAB2217C74200009BE5 /* buffer.cc */,
				BD7C0CAC2217C74200009BE5 /* buffer.h */,
				BD6D210D221000E800FF1910 /* command.cc */,
				BD6D210E221000E800FF1910 /* command.h */,
				BDC658272230EC5D00505B22 /* context.cc */,
				BDC658282230EC5D00505B22 /* context.h */,
				BDAA32D5223EA99D00448A2A /* descriptor.cc */,
				BDAA32D6223EA99D00448A2A /* descriptor.h */,
				BD60051C223CA5D300D17D03 /* image.cc */,
				BD60051D223CA5D300D17D03 /* image.h */,
				BD7AF4F42245DFF800F657A7 /* model.cc */,
				BD7AF4F52245DFF800F657A7 /* model.h */,
				BD151CB2220BF9A300A6FC75 /* pipeline.cc */,
				BD151CB3220BF9A300A6FC75 /* pipeline.h */,
				BD098BC7220D4D2600E34A0A /* render_pass.cc */,
				BD098BC8220D4D2600E34A0A /* render_pass.h */,
				BDA11AAF2206323F003092B8 /* swapchain.cc */,
				BDA11AB02206323F003092B8 /* swapchain.h */,
				BD7B1E92222A63AD00EF0956 /* synchronize.cc */,
				BD7B1E93222A63AD00EF0956 /* synchronize.h */,
				BD30819A21B1929300F30C2C /* validation.cc */,
				BD30819B21B1929300F30C2C /* validation.h */,
			);
			path = wrapper;
			sourceTree = "<group>";
		};
		BDA56D7A21ADA0B700A4B992 /* Frameworks */ = {
			isa = PBXGroup;
			children = (
				BD5F5F1021FA43DD006BD2AC /* libvulkan.1.dylib */,
				BD34960321AF3F4000F4C000 /* libglfw.3.3.dylib */,
			);
			name = Frameworks;
			sourceTree = "<group>";
		};
		BDA71385220A96B5007FD13C /* shader */ = {
			isa = PBXGroup;
			children = (
				BDE3C01E2238A9B100AE8701 /* compiled */,
				BDA71386220A9997007FD13C /* simple.vert */,
				BDA71387220A9A90007FD13C /* simple.frag */,
			);
			path = shader;
			sourceTree = "<group>";
		};
		BDC34001223393FC003CD06D /* application */ = {
			isa = PBXGroup;
			children = (
				BD2F0E9C222B2D5800B4ACD5 /* cube.cc */,
				BD2F0E9D222B2D5800B4ACD5 /* cube.h */,
				BD03CE872249EA5400235611 /* nanosuit.cc */,
				BD03CE882249EA5400235611 /* nanosuit.h */,
			);
			path = application;
			sourceTree = "<group>";
		};
/* End PBXGroup section */

/* Begin PBXNativeTarget section */
		BD24359C21AD9B1C00027627 /* LearnVulkan */ = {
			isa = PBXNativeTarget;
			buildConfigurationList = BD2435A421AD9B1C00027627 /* Build configuration list for PBXNativeTarget "LearnVulkan" */;
			buildPhases = (
				BD24359921AD9B1C00027627 /* Sources */,
				BD24359A21AD9B1C00027627 /* Frameworks */,
				BD24359B21AD9B1C00027627 /* Copy Files */,
			);
			buildRules = (
			);
			dependencies = (
			);
			name = LearnVulkan;
			productName = LearnVulkan;
			productReference = BD24359D21AD9B1C00027627 /* LearnVulkan */;
			productType = "com.apple.product-type.tool";
		};
/* End PBXNativeTarget section */

/* Begin PBXProject section */
		BD24359521AD9B1C00027627 /* Project object */ = {
			isa = PBXProject;
			attributes = {
				LastUpgradeCheck = 1020;
				ORGANIZATIONNAME = "Pujun Lun";
				TargetAttributes = {
					BD24359C21AD9B1C00027627 = {
						CreatedOnToolsVersion = 10.1;
					};
				};
			};
			buildConfigurationList = BD24359821AD9B1C00027627 /* Build configuration list for PBXProject "LearnVulkan" */;
			compatibilityVersion = "Xcode 9.3";
			developmentRegion = en;
			hasScannedForEncodings = 0;
			knownRegions = (
				en,
				Base,
			);
			mainGroup = BD24359421AD9B1C00027627;
			productRefGroup = BD24359E21AD9B1C00027627 /* Products */;
			projectDirPath = "";
			projectRoot = "";
			targets = (
				BD24359C21AD9B1C00027627 /* LearnVulkan */,
			);
		};
/* End PBXProject section */

/* Begin PBXSourcesBuildPhase section */
		BD24359921AD9B1C00027627 /* Sources */ = {
			isa = PBXSourcesBuildPhase;
			buildActionMask = 2147483647;
			files = (
				BD4717B92219E9AB00B860D0 /* util.cc in Sources */,
				BD2435A121AD9B1C00027627 /* main.cc in Sources */,
				BDAA32D7223EA99D00448A2A /* descriptor.cc in Sources */,
				BDC658292230EC5D00505B22 /* context.cc in Sources */,
				BD2F0E9E222B2D5800B4ACD5 /* cube.cc in Sources */,
				BD7AF4F62245DFF800F657A7 /* model.cc in Sources */,
				BD03CE862249E93E00235611 /* camera.cc in Sources */,
				BD6D210F221000E800FF1910 /* command.cc in Sources */,
				BD7C0CAD2217C74200009BE5 /* buffer.cc in Sources */,
				BD7B1E94222A63AD00EF0956 /* synchronize.cc in Sources */,
				BD03CE892249EA5400235611 /* nanosuit.cc in Sources */,
				BD151CB4220BF9A300A6FC75 /* pipeline.cc in Sources */,
				BD6BAC282211432500906E78 /* basic_object.cc in Sources */,
				BDA11AB12206323F003092B8 /* swapchain.cc in Sources */,
				BD60051E223CA5D300D17D03 /* image.cc in Sources */,
				BD73B87A224C6E48008373CA /* window.cc in Sources */,
				BD30819C21B1929300F30C2C /* validation.cc in Sources */,
				BD098BC9220D4D2600E34A0A /* render_pass.cc in Sources */,
			);
			runOnlyForDeploymentPostprocessing = 0;
		};
/* End PBXSourcesBuildPhase section */

/* Begin XCBuildConfiguration section */
		BD2435A221AD9B1C00027627 /* Debug */ = {
			isa = XCBuildConfiguration;
			buildSettings = {
				ALWAYS_SEARCH_USER_PATHS = NO;
				CLANG_ANALYZER_NONNULL = YES;
				CLANG_ANALYZER_NUMBER_OBJECT_CONVERSION = YES_AGGRESSIVE;
				CLANG_CXX_LANGUAGE_STANDARD = "gnu++14";
				CLANG_CXX_LIBRARY = "libc++";
				CLANG_ENABLE_MODULES = YES;
				CLANG_ENABLE_OBJC_ARC = YES;
				CLANG_ENABLE_OBJC_WEAK = YES;
				CLANG_WARN_BLOCK_CAPTURE_AUTORELEASING = YES;
				CLANG_WARN_BOOL_CONVERSION = YES;
				CLANG_WARN_COMMA = YES;
				CLANG_WARN_CONSTANT_CONVERSION = YES;
				CLANG_WARN_DEPRECATED_OBJC_IMPLEMENTATIONS = YES;
				CLANG_WARN_DIRECT_OBJC_ISA_USAGE = YES_ERROR;
				CLANG_WARN_DOCUMENTATION_COMMENTS = YES;
				CLANG_WARN_EMPTY_BODY = YES;
				CLANG_WARN_ENUM_CONVERSION = YES;
				CLANG_WARN_INFINITE_RECURSION = YES;
				CLANG_WARN_INT_CONVERSION = YES;
				CLANG_WARN_NON_LITERAL_NULL_CONVERSION = YES;
				CLANG_WARN_OBJC_IMPLICIT_RETAIN_SELF = YES;
				CLANG_WARN_OBJC_LITERAL_CONVERSION = YES;
				CLANG_WARN_OBJC_ROOT_CLASS = YES_ERROR;
				CLANG_WARN_RANGE_LOOP_ANALYSIS = YES;
				CLANG_WARN_STRICT_PROTOTYPES = YES;
				CLANG_WARN_SUSPICIOUS_MOVE = YES;
				CLANG_WARN_UNGUARDED_AVAILABILITY = YES_AGGRESSIVE;
				CLANG_WARN_UNREACHABLE_CODE = YES;
				CLANG_WARN__DUPLICATE_METHOD_MATCH = YES;
				CODE_SIGN_IDENTITY = "Mac Developer";
				COPY_PHASE_STRIP = NO;
				DEBUG_INFORMATION_FORMAT = dwarf;
				ENABLE_STRICT_OBJC_MSGSEND = YES;
				ENABLE_TESTABILITY = YES;
				GCC_C_LANGUAGE_STANDARD = gnu11;
				GCC_DYNAMIC_NO_PIC = NO;
				GCC_NO_COMMON_BLOCKS = YES;
				GCC_OPTIMIZATION_LEVEL = 0;
				GCC_PREPROCESSOR_DEFINITIONS = (
					"DEBUG=1",
					"$(inherited)",
				);
				GCC_WARN_64_TO_32_BIT_CONVERSION = YES;
				GCC_WARN_ABOUT_RETURN_TYPE = YES_ERROR;
				GCC_WARN_UNDECLARED_SELECTOR = YES;
				GCC_WARN_UNINITIALIZED_AUTOS = YES_AGGRESSIVE;
				GCC_WARN_UNUSED_FUNCTION = YES;
				GCC_WARN_UNUSED_VARIABLE = YES;
				MACOSX_DEPLOYMENT_TARGET = 10.14;
				MTL_ENABLE_DEBUG_INFO = INCLUDE_SOURCE;
				MTL_FAST_MATH = YES;
				ONLY_ACTIVE_ARCH = YES;
				SDKROOT = macosx;
			};
			name = Debug;
		};
		BD2435A321AD9B1C00027627 /* Release */ = {
			isa = XCBuildConfiguration;
			buildSettings = {
				ALWAYS_SEARCH_USER_PATHS = NO;
				CLANG_ANALYZER_NONNULL = YES;
				CLANG_ANALYZER_NUMBER_OBJECT_CONVERSION = YES_AGGRESSIVE;
				CLANG_CXX_LANGUAGE_STANDARD = "gnu++14";
				CLANG_CXX_LIBRARY = "libc++";
				CLANG_ENABLE_MODULES = YES;
				CLANG_ENABLE_OBJC_ARC = YES;
				CLANG_ENABLE_OBJC_WEAK = YES;
				CLANG_WARN_BLOCK_CAPTURE_AUTORELEASING = YES;
				CLANG_WARN_BOOL_CONVERSION = YES;
				CLANG_WARN_COMMA = YES;
				CLANG_WARN_CONSTANT_CONVERSION = YES;
				CLANG_WARN_DEPRECATED_OBJC_IMPLEMENTATIONS = YES;
				CLANG_WARN_DIRECT_OBJC_ISA_USAGE = YES_ERROR;
				CLANG_WARN_DOCUMENTATION_COMMENTS = YES;
				CLANG_WARN_EMPTY_BODY = YES;
				CLANG_WARN_ENUM_CONVERSION = YES;
				CLANG_WARN_INFINITE_RECURSION = YES;
				CLANG_WARN_INT_CONVERSION = YES;
				CLANG_WARN_NON_LITERAL_NULL_CONVERSION = YES;
				CLANG_WARN_OBJC_IMPLICIT_RETAIN_SELF = YES;
				CLANG_WARN_OBJC_LITERAL_CONVERSION = YES;
				CLANG_WARN_OBJC_ROOT_CLASS = YES_ERROR;
				CLANG_WARN_RANGE_LOOP_ANALYSIS = YES;
				CLANG_WARN_STRICT_PROTOTYPES = YES;
				CLANG_WARN_SUSPICIOUS_MOVE = YES;
				CLANG_WARN_UNGUARDED_AVAILABILITY = YES_AGGRESSIVE;
				CLANG_WARN_UNREACHABLE_CODE = YES;
				CLANG_WARN__DUPLICATE_METHOD_MATCH = YES;
				CODE_SIGN_IDENTITY = "Mac Developer";
				COPY_PHASE_STRIP = NO;
				DEBUG_INFORMATION_FORMAT = "dwarf-with-dsym";
				ENABLE_NS_ASSERTIONS = NO;
				ENABLE_STRICT_OBJC_MSGSEND = YES;
				GCC_C_LANGUAGE_STANDARD = gnu11;
				GCC_NO_COMMON_BLOCKS = YES;
				GCC_WARN_64_TO_32_BIT_CONVERSION = YES;
				GCC_WARN_ABOUT_RETURN_TYPE = YES_ERROR;
				GCC_WARN_UNDECLARED_SELECTOR = YES;
				GCC_WARN_UNINITIALIZED_AUTOS = YES_AGGRESSIVE;
				GCC_WARN_UNUSED_FUNCTION = YES;
				GCC_WARN_UNUSED_VARIABLE = YES;
				MACOSX_DEPLOYMENT_TARGET = 10.14;
				MTL_ENABLE_DEBUG_INFO = NO;
				MTL_FAST_MATH = YES;
				SDKROOT = macosx;
			};
			name = Release;
		};
		BD2435A521AD9B1C00027627 /* Debug */ = {
			isa = XCBuildConfiguration;
			buildSettings = {
				CODE_SIGN_STYLE = Automatic;
				DEVELOPMENT_TEAM = DXJ7AC4744;
				LIBRARY_SEARCH_PATHS = (
					/usr/local/lib,
					/Users/lun/Desktop/Code/libs/vulkan/macOS/lib,
					"/usr/local/Cellar/glfw/HEAD-bb2ca1d/lib",
				);
				PRODUCT_NAME = "$(TARGET_NAME)";
				SYSTEM_HEADER_SEARCH_PATHS = (
					/Users/lun/Desktop/Code/libs,
					/usr/local/include,
					/Users/lun/Desktop/Code/libs/vulkan/macOS/include,
				);
			};
			name = Debug;
		};
		BD2435A621AD9B1C00027627 /* Release */ = {
			isa = XCBuildConfiguration;
			buildSettings = {
				CODE_SIGN_STYLE = Automatic;
				DEVELOPMENT_TEAM = DXJ7AC4744;
				LIBRARY_SEARCH_PATHS = (
					/usr/local/lib,
					/Users/lun/Desktop/Code/libs/vulkan/macOS/lib,
					"/usr/local/Cellar/glfw/HEAD-bb2ca1d/lib",
				);
				PRODUCT_NAME = "$(TARGET_NAME)";
				SYSTEM_HEADER_SEARCH_PATHS = (
					/Users/lun/Desktop/Code/libs,
					/usr/local/include,
					/Users/lun/Desktop/Code/libs/vulkan/macOS/include,
				);
			};
			name = Release;
		};
/* End XCBuildConfiguration section */

/* Begin XCConfigurationList section */
		BD24359821AD9B1C00027627 /* Build configuration list for PBXProject "LearnVulkan" */ = {
			isa = XCConfigurationList;
			buildConfigurations = (
				BD2435A221AD9B1C00027627 /* Debug */,
				BD2435A321AD9B1C00027627 /* Release */,
			);
			defaultConfigurationIsVisible = 0;
			defaultConfigurationName = Release;
		};
		BD2435A421AD9B1C00027627 /* Build configuration list for PBXNativeTarget "LearnVulkan" */ = {
			isa = XCConfigurationList;
			buildConfigurations = (
				BD2435A521AD9B1C00027627 /* Debug */,
				BD2435A621AD9B1C00027627 /* Release */,
			);
			defaultConfigurationIsVisible = 0;
			defaultConfigurationName = Release;
		};
/* End XCConfigurationList section */
	};
	rootObject = BD24359521AD9B1C00027627 /* Project object */;
}
