// !$*UTF8*$!
{
	archiveVersion = 1;
	classes = {
	};
	objectVersion = 50;
	objects = {

/* Begin PBXBuildFile section */
		BD2435A121AD9B1C00027627 /* main.cpp in Sources */ = {isa = PBXBuildFile; fileRef = BD2435A021AD9B1C00027627 /* main.cpp */; };
		BD34960421AF3F4000F4C000 /* libglfw.3.3.dylib in Frameworks */ = {isa = PBXBuildFile; fileRef = BD34960321AF3F4000F4C000 /* libglfw.3.3.dylib */; };
		BD34960521AF3F4500F4C000 /* libglfw.3.3.dylib in CopyFiles */ = {isa = PBXBuildFile; fileRef = BD34960321AF3F4000F4C000 /* libglfw.3.3.dylib */; settings = {ATTRIBUTES = (CodeSignOnCopy, ); }; };
		BDA56D8B21ADB31600A4B992 /* libvulkan.1.dylib in Frameworks */ = {isa = PBXBuildFile; fileRef = BDA56D8A21ADB31600A4B992 /* libvulkan.1.dylib */; };
		BDA56D8C21ADB31B00A4B992 /* libvulkan.1.dylib in CopyFiles */ = {isa = PBXBuildFile; fileRef = BDA56D8A21ADB31600A4B992 /* libvulkan.1.dylib */; settings = {ATTRIBUTES = (CodeSignOnCopy, ); }; };
/* End PBXBuildFile section */

/* Begin PBXCopyFilesBuildPhase section */
		BD24359B21AD9B1C00027627 /* CopyFiles */ = {
			isa = PBXCopyFilesBuildPhase;
			buildActionMask = 12;
			dstPath = "";
			dstSubfolderSpec = 10;
			files = (
				BD34960521AF3F4500F4C000 /* libglfw.3.3.dylib in CopyFiles */,
				BDA56D8C21ADB31B00A4B992 /* libvulkan.1.dylib in CopyFiles */,
			);
			runOnlyForDeploymentPostprocessing = 0;
		};
/* End PBXCopyFilesBuildPhase section */

/* Begin PBXFileReference section */
		BD24359D21AD9B1C00027627 /* LearnVulkan */ = {isa = PBXFileReference; explicitFileType = "compiled.mach-o.executable"; includeInIndex = 0; path = LearnVulkan; sourceTree = BUILT_PRODUCTS_DIR; };
		BD2435A021AD9B1C00027627 /* main.cpp */ = {isa = PBXFileReference; lastKnownFileType = sourcecode.cpp.cpp; path = main.cpp; sourceTree = "<group>"; };
		BD34960321AF3F4000F4C000 /* libglfw.3.3.dylib */ = {isa = PBXFileReference; lastKnownFileType = "compiled.mach-o.dylib"; name = libglfw.3.3.dylib; path = "../../../../../usr/local/Cellar/glfw/HEAD-bb2ca1d/lib/libglfw.3.3.dylib"; sourceTree = "<group>"; };
		BDA56D8A21ADB31600A4B992 /* libvulkan.1.dylib */ = {isa = PBXFileReference; lastKnownFileType = "compiled.mach-o.dylib"; name = libvulkan.1.dylib; path = ../../../Downloads/vulkansdk/macOS/lib/libvulkan.1.dylib; sourceTree = "<group>"; };
/* End PBXFileReference section */

/* Begin PBXFrameworksBuildPhase section */
		BD24359A21AD9B1C00027627 /* Frameworks */ = {
			isa = PBXFrameworksBuildPhase;
			buildActionMask = 2147483647;
			files = (
				BD34960421AF3F4000F4C000 /* libglfw.3.3.dylib in Frameworks */,
				BDA56D8B21ADB31600A4B992 /* libvulkan.1.dylib in Frameworks */,
			);
			runOnlyForDeploymentPostprocessing = 0;
		};
/* End PBXFrameworksBuildPhase section */

/* Begin PBXGroup section */
		BD24359421AD9B1C00027627 = {
			isa = PBXGroup;
			children = (
				BD24359F21AD9B1C00027627 /* LearnVulkan */,
				BD24359E21AD9B1C00027627 /* Products */,
				BDA56D7A21ADA0B700A4B992 /* Frameworks */,
			);
			sourceTree = "<group>";
		};
		BD24359E21AD9B1C00027627 /* Products */ = {
			isa = PBXGroup;
			children = (
				BD24359D21AD9B1C00027627 /* LearnVulkan */,
			);
			name = Products;
			sourceTree = "<group>";
		};
		BD24359F21AD9B1C00027627 /* LearnVulkan */ = {
			isa = PBXGroup;
			children = (
				BD2435A021AD9B1C00027627 /* main.cpp */,
			);
			path = LearnVulkan;
			sourceTree = "<group>";
		};
		BDA56D7A21ADA0B700A4B992 /* Frameworks */ = {
			isa = PBXGroup;
			children = (
				BD34960321AF3F4000F4C000 /* libglfw.3.3.dylib */,
				BDA56D8A21ADB31600A4B992 /* libvulkan.1.dylib */,
			);
			name = Frameworks;
			sourceTree = "<group>";
		};
/* End PBXGroup section */

/* Begin PBXNativeTarget section */
		BD24359C21AD9B1C00027627 /* LearnVulkan */ = {
			isa = PBXNativeTarget;
			buildConfigurationList = BD2435A421AD9B1C00027627 /* Build configuration list for PBXNativeTarget "LearnVulkan" */;
			buildPhases = (
				BD24359921AD9B1C00027627 /* Sources */,
				BD24359A21AD9B1C00027627 /* Frameworks */,
				BD24359B21AD9B1C00027627 /* CopyFiles */,
			);
			buildRules = (
			);
			dependencies = (
			);
			name = LearnVulkan;
			productName = LearnVulkan;
			productReference = BD24359D21AD9B1C00027627 /* LearnVulkan */;
			productType = "com.apple.product-type.tool";
		};
/* End PBXNativeTarget section */

/* Begin PBXProject section */
		BD24359521AD9B1C00027627 /* Project object */ = {
			isa = PBXProject;
			attributes = {
				LastUpgradeCheck = 1010;
				ORGANIZATIONNAME = "Pujun Lun";
				TargetAttributes = {
					BD24359C21AD9B1C00027627 = {
						CreatedOnToolsVersion = 10.1;
					};
				};
			};
			buildConfigurationList = BD24359821AD9B1C00027627 /* Build configuration list for PBXProject "LearnVulkan" */;
			compatibilityVersion = "Xcode 9.3";
			developmentRegion = en;
			hasScannedForEncodings = 0;
			knownRegions = (
				en,
			);
			mainGroup = BD24359421AD9B1C00027627;
			productRefGroup = BD24359E21AD9B1C00027627 /* Products */;
			projectDirPath = "";
			projectRoot = "";
			targets = (
				BD24359C21AD9B1C00027627 /* LearnVulkan */,
			);
		};
/* End PBXProject section */

/* Begin PBXSourcesBuildPhase section */
		BD24359921AD9B1C00027627 /* Sources */ = {
			isa = PBXSourcesBuildPhase;
			buildActionMask = 2147483647;
			files = (
				BD2435A121AD9B1C00027627 /* main.cpp in Sources */,
			);
			runOnlyForDeploymentPostprocessing = 0;
		};
/* End PBXSourcesBuildPhase section */

/* Begin XCBuildConfiguration section */
		BD2435A221AD9B1C00027627 /* Debug */ = {
			isa = XCBuildConfiguration;
			buildSettings = {
				ALWAYS_SEARCH_USER_PATHS = NO;
				CLANG_ANALYZER_NONNULL = YES;
				CLANG_ANALYZER_NUMBER_OBJECT_CONVERSION = YES_AGGRESSIVE;
				CLANG_CXX_LANGUAGE_STANDARD = "gnu++14";
				CLANG_CXX_LIBRARY = "libc++";
				CLANG_ENABLE_MODULES = YES;
				CLANG_ENABLE_OBJC_ARC = YES;
				CLANG_ENABLE_OBJC_WEAK = YES;
				CLANG_WARN_BLOCK_CAPTURE_AUTORELEASING = YES;
				CLANG_WARN_BOOL_CONVERSION = YES;
				CLANG_WARN_COMMA = YES;
				CLANG_WARN_CONSTANT_CONVERSION = YES;
				CLANG_WARN_DEPRECATED_OBJC_IMPLEMENTATIONS = YES;
				CLANG_WARN_DIRECT_OBJC_ISA_USAGE = YES_ERROR;
				CLANG_WARN_DOCUMENTATION_COMMENTS = YES;
				CLANG_WARN_EMPTY_BODY = YES;
				CLANG_WARN_ENUM_CONVERSION = YES;
				CLANG_WARN_INFINITE_RECURSION = YES;
				CLANG_WARN_INT_CONVERSION = YES;
				CLANG_WARN_NON_LITERAL_NULL_CONVERSION = YES;
				CLANG_WARN_OBJC_IMPLICIT_RETAIN_SELF = YES;
				CLANG_WARN_OBJC_LITERAL_CONVERSION = YES;
				CLANG_WARN_OBJC_ROOT_CLASS = YES_ERROR;
				CLANG_WARN_RANGE_LOOP_ANALYSIS = YES;
				CLANG_WARN_STRICT_PROTOTYPES = YES;
				CLANG_WARN_SUSPICIOUS_MOVE = YES;
				CLANG_WARN_UNGUARDED_AVAILABILITY = YES_AGGRESSIVE;
				CLANG_WARN_UNREACHABLE_CODE = YES;
				CLANG_WARN__DUPLICATE_METHOD_MATCH = YES;
				CODE_SIGN_IDENTITY = "Mac Developer";
				COPY_PHASE_STRIP = NO;
				DEBUG_INFORMATION_FORMAT = dwarf;
				ENABLE_STRICT_OBJC_MSGSEND = YES;
				ENABLE_TESTABILITY = YES;
				GCC_C_LANGUAGE_STANDARD = gnu11;
				GCC_DYNAMIC_NO_PIC = NO;
				GCC_NO_COMMON_BLOCKS = YES;
				GCC_OPTIMIZATION_LEVEL = 0;
				GCC_PREPROCESSOR_DEFINITIONS = (
					"DEBUG=1",
					"$(inherited)",
				);
				GCC_WARN_64_TO_32_BIT_CONVERSION = YES;
				GCC_WARN_ABOUT_RETURN_TYPE = YES_ERROR;
				GCC_WARN_UNDECLARED_SELECTOR = YES;
				GCC_WARN_UNINITIALIZED_AUTOS = YES_AGGRESSIVE;
				GCC_WARN_UNUSED_FUNCTION = YES;
				GCC_WARN_UNUSED_VARIABLE = YES;
				MACOSX_DEPLOYMENT_TARGET = 10.14;
				MTL_ENABLE_DEBUG_INFO = INCLUDE_SOURCE;
				MTL_FAST_MATH = YES;
				ONLY_ACTIVE_ARCH = YES;
				SDKROOT = macosx;
			};
			name = Debug;
		};
		BD2435A321AD9B1C00027627 /* Release */ = {
			isa = XCBuildConfiguration;
			buildSettings = {
				ALWAYS_SEARCH_USER_PATHS = NO;
				CLANG_ANALYZER_NONNULL = YES;
				CLANG_ANALYZER_NUMBER_OBJECT_CONVERSION = YES_AGGRESSIVE;
				CLANG_CXX_LANGUAGE_STANDARD = "gnu++14";
				CLANG_CXX_LIBRARY = "libc++";
				CLANG_ENABLE_MODULES = YES;
				CLANG_ENABLE_OBJC_ARC = YES;
				CLANG_ENABLE_OBJC_WEAK = YES;
				CLANG_WARN_BLOCK_CAPTURE_AUTORELEASING = YES;
				CLANG_WARN_BOOL_CONVERSION = YES;
				CLANG_WARN_COMMA = YES;
				CLANG_WARN_CONSTANT_CONVERSION = YES;
				CLANG_WARN_DEPRECATED_OBJC_IMPLEMENTATIONS = YES;
				CLANG_WARN_DIRECT_OBJC_ISA_USAGE = YES_ERROR;
				CLANG_WARN_DOCUMENTATION_COMMENTS = YES;
				CLANG_WARN_EMPTY_BODY = YES;
				CLANG_WARN_ENUM_CONVERSION = YES;
				CLANG_WARN_INFINITE_RECURSION = YES;
				CLANG_WARN_INT_CONVERSION = YES;
				CLANG_WARN_NON_LITERAL_NULL_CONVERSION = YES;
				CLANG_WARN_OBJC_IMPLICIT_RETAIN_SELF = YES;
				CLANG_WARN_OBJC_LITERAL_CONVERSION = YES;
				CLANG_WARN_OBJC_ROOT_CLASS = YES_ERROR;
				CLANG_WARN_RANGE_LOOP_ANALYSIS = YES;
				CLANG_WARN_STRICT_PROTOTYPES = YES;
				CLANG_WARN_SUSPICIOUS_MOVE = YES;
				CLANG_WARN_UNGUARDED_AVAILABILITY = YES_AGGRESSIVE;
				CLANG_WARN_UNREACHABLE_CODE = YES;
				CLANG_WARN__DUPLICATE_METHOD_MATCH = YES;
				CODE_SIGN_IDENTITY = "Mac Developer";
				COPY_PHASE_STRIP = NO;
				DEBUG_INFORMATION_FORMAT = "dwarf-with-dsym";
				ENABLE_NS_ASSERTIONS = NO;
				ENABLE_STRICT_OBJC_MSGSEND = YES;
				GCC_C_LANGUAGE_STANDARD = gnu11;
				GCC_NO_COMMON_BLOCKS = YES;
				GCC_WARN_64_TO_32_BIT_CONVERSION = YES;
				GCC_WARN_ABOUT_RETURN_TYPE = YES_ERROR;
				GCC_WARN_UNDECLARED_SELECTOR = YES;
				GCC_WARN_UNINITIALIZED_AUTOS = YES_AGGRESSIVE;
				GCC_WARN_UNUSED_FUNCTION = YES;
				GCC_WARN_UNUSED_VARIABLE = YES;
				MACOSX_DEPLOYMENT_TARGET = 10.14;
				MTL_ENABLE_DEBUG_INFO = NO;
				MTL_FAST_MATH = YES;
				SDKROOT = macosx;
			};
			name = Release;
		};
		BD2435A521AD9B1C00027627 /* Debug */ = {
			isa = XCBuildConfiguration;
			buildSettings = {
				CODE_SIGN_STYLE = Automatic;
				DEVELOPMENT_TEAM = DXJ7AC4744;
				LIBRARY_SEARCH_PATHS = (
					/usr/local/lib,
					/Users/lun/Downloads/vulkansdk/macOS/lib,
					"/usr/local/Cellar/glfw/HEAD-bb2ca1d/lib",
				);
				PRODUCT_NAME = "$(TARGET_NAME)";
				SYSTEM_HEADER_SEARCH_PATHS = (
					/Users/lun/Desktop/Code/libs,
					/usr/local/include,
					/Users/lun/Downloads/vulkansdk/macOS/include,
				);
			};
			name = Debug;
		};
		BD2435A621AD9B1C00027627 /* Release */ = {
			isa = XCBuildConfiguration;
			buildSettings = {
				CODE_SIGN_STYLE = Automatic;
				DEVELOPMENT_TEAM = DXJ7AC4744;
				LIBRARY_SEARCH_PATHS = (
					/usr/local/lib,
					/Users/lun/Downloads/vulkansdk/macOS/lib,
					"/usr/local/Cellar/glfw/HEAD-bb2ca1d/lib",
				);
				PRODUCT_NAME = "$(TARGET_NAME)";
				SYSTEM_HEADER_SEARCH_PATHS = (
					/Users/lun/Desktop/Code/libs,
					/usr/local/include,
					/Users/lun/Downloads/vulkansdk/macOS/include,
				);
			};
			name = Release;
		};
/* End XCBuildConfiguration section */

/* Begin XCConfigurationList section */
		BD24359821AD9B1C00027627 /* Build configuration list for PBXProject "LearnVulkan" */ = {
			isa = XCConfigurationList;
			buildConfigurations = (
				BD2435A221AD9B1C00027627 /* Debug */,
				BD2435A321AD9B1C00027627 /* Release */,
			);
			defaultConfigurationIsVisible = 0;
			defaultConfigurationName = Release;
		};
		BD2435A421AD9B1C00027627 /* Build configuration list for PBXNativeTarget "LearnVulkan" */ = {
			isa = XCConfigurationList;
			buildConfigurations = (
				BD2435A521AD9B1C00027627 /* Debug */,
				BD2435A621AD9B1C00027627 /* Release */,
			);
			defaultConfigurationIsVisible = 0;
			defaultConfigurationName = Release;
		};
/* End XCConfigurationList section */
	};
	rootObject = BD24359521AD9B1C00027627 /* Project object */;
}
