// !$*UTF8*$!
{
	archiveVersion = 1;
	classes = {
	};
	objectVersion = 50;
	objects = {

/* Begin PBXBuildFile section */
		BD098BC9220D4D2600E34A0A /* renderpass.cpp in Sources */ = {isa = PBXBuildFile; fileRef = BD098BC7220D4D2600E34A0A /* renderpass.cpp */; };
		BD151CB4220BF9A300A6FC75 /* pipeline.cpp in Sources */ = {isa = PBXBuildFile; fileRef = BD151CB2220BF9A300A6FC75 /* pipeline.cpp */; };
		BD2435A121AD9B1C00027627 /* main.cpp in Sources */ = {isa = PBXBuildFile; fileRef = BD2435A021AD9B1C00027627 /* main.cpp */; };
		BD30819C21B1929300F30C2C /* validation.cpp in Sources */ = {isa = PBXBuildFile; fileRef = BD30819A21B1929300F30C2C /* validation.cpp */; };
		BD34960421AF3F4000F4C000 /* libglfw.3.3.dylib in Frameworks */ = {isa = PBXBuildFile; fileRef = BD34960321AF3F4000F4C000 /* libglfw.3.3.dylib */; };
		BD34960521AF3F4500F4C000 /* libglfw.3.3.dylib in Copy Files */ = {isa = PBXBuildFile; fileRef = BD34960321AF3F4000F4C000 /* libglfw.3.3.dylib */; };
		BD5F5F1121FA43DD006BD2AC /* libvulkan.1.dylib in Frameworks */ = {isa = PBXBuildFile; fileRef = BD5F5F1021FA43DD006BD2AC /* libvulkan.1.dylib */; };
		BD5F5F1221FA43E0006BD2AC /* libvulkan.1.dylib in Copy Files */ = {isa = PBXBuildFile; fileRef = BD5F5F1021FA43DD006BD2AC /* libvulkan.1.dylib */; };
		BD6D210F221000E800FF1910 /* commandbuffer.cpp in Sources */ = {isa = PBXBuildFile; fileRef = BD6D210D221000E800FF1910 /* commandbuffer.cpp */; };
		BDA11AB12206323F003092B8 /* swapchain.cpp in Sources */ = {isa = PBXBuildFile; fileRef = BDA11AAF2206323F003092B8 /* swapchain.cpp */; };
		BDA11AB422064E07003092B8 /* application.cpp in Sources */ = {isa = PBXBuildFile; fileRef = BDA11AB222064E07003092B8 /* application.cpp */; };
		BDA71392220AA6E0007FD13C /* triangle.frag.spv in Copy Files */ = {isa = PBXBuildFile; fileRef = BDA71390220AA6D7007FD13C /* triangle.frag.spv */; };
		BDA71393220AA6E0007FD13C /* triangle.vert.spv in Copy Files */ = {isa = PBXBuildFile; fileRef = BDA71391220AA6D7007FD13C /* triangle.vert.spv */; };
		BDA71395220AB1E2007FD13C /* utils.cpp in Sources */ = {isa = PBXBuildFile; fileRef = BDA71394220AB1E2007FD13C /* utils.cpp */; };
/* End PBXBuildFile section */

/* Begin PBXCopyFilesBuildPhase section */
		BD24359B21AD9B1C00027627 /* Copy Files */ = {
			isa = PBXCopyFilesBuildPhase;
			buildActionMask = 12;
			dstPath = "";
			dstSubfolderSpec = 7;
			files = (
				BDA71392220AA6E0007FD13C /* triangle.frag.spv in Copy Files */,
				BDA71393220AA6E0007FD13C /* triangle.vert.spv in Copy Files */,
				BD5F5F1221FA43E0006BD2AC /* libvulkan.1.dylib in Copy Files */,
				BD34960521AF3F4500F4C000 /* libglfw.3.3.dylib in Copy Files */,
			);
			name = "Copy Files";
			runOnlyForDeploymentPostprocessing = 0;
		};
/* End PBXCopyFilesBuildPhase section */

/* Begin PBXFileReference section */
		BD098BC7220D4D2600E34A0A /* renderpass.cpp */ = {isa = PBXFileReference; lastKnownFileType = sourcecode.cpp.cpp; path = renderpass.cpp; sourceTree = "<group>"; };
		BD098BC8220D4D2600E34A0A /* renderpass.hpp */ = {isa = PBXFileReference; lastKnownFileType = sourcecode.cpp.h; path = renderpass.hpp; sourceTree = "<group>"; };
		BD151CB2220BF9A300A6FC75 /* pipeline.cpp */ = {isa = PBXFileReference; lastKnownFileType = sourcecode.cpp.cpp; path = pipeline.cpp; sourceTree = "<group>"; };
		BD151CB3220BF9A300A6FC75 /* pipeline.hpp */ = {isa = PBXFileReference; lastKnownFileType = sourcecode.cpp.h; path = pipeline.hpp; sourceTree = "<group>"; };
		BD24359D21AD9B1C00027627 /* LearnVulkan */ = {isa = PBXFileReference; explicitFileType = "compiled.mach-o.executable"; includeInIndex = 0; path = LearnVulkan; sourceTree = BUILT_PRODUCTS_DIR; };
		BD2435A021AD9B1C00027627 /* main.cpp */ = {isa = PBXFileReference; lastKnownFileType = sourcecode.cpp.cpp; path = main.cpp; sourceTree = "<group>"; };
		BD30819A21B1929300F30C2C /* validation.cpp */ = {isa = PBXFileReference; lastKnownFileType = sourcecode.cpp.cpp; path = validation.cpp; sourceTree = "<group>"; };
		BD30819B21B1929300F30C2C /* validation.hpp */ = {isa = PBXFileReference; lastKnownFileType = sourcecode.cpp.h; path = validation.hpp; sourceTree = "<group>"; };
		BD34960321AF3F4000F4C000 /* libglfw.3.3.dylib */ = {isa = PBXFileReference; lastKnownFileType = "compiled.mach-o.dylib"; name = libglfw.3.3.dylib; path = "../../../../../usr/local/Cellar/glfw/HEAD-bb2ca1d/lib/libglfw.3.3.dylib"; sourceTree = "<group>"; };
		BD5F5F1021FA43DD006BD2AC /* libvulkan.1.dylib */ = {isa = PBXFileReference; lastKnownFileType = "compiled.mach-o.dylib"; name = libvulkan.1.dylib; path = ../libs/vulkan/macOS/lib/libvulkan.1.dylib; sourceTree = "<group>"; };
		BD6D210D221000E800FF1910 /* commandbuffer.cpp */ = {isa = PBXFileReference; lastKnownFileType = sourcecode.cpp.cpp; path = commandbuffer.cpp; sourceTree = "<group>"; };
		BD6D210E221000E800FF1910 /* commandbuffer.hpp */ = {isa = PBXFileReference; lastKnownFileType = sourcecode.cpp.h; path = commandbuffer.hpp; sourceTree = "<group>"; };
		BDA11AAD22061C7B003092B8 /* utils.hpp */ = {isa = PBXFileReference; lastKnownFileType = sourcecode.cpp.h; path = utils.hpp; sourceTree = "<group>"; };
		BDA11AAF2206323F003092B8 /* swapchain.cpp */ = {isa = PBXFileReference; lastKnownFileType = sourcecode.cpp.cpp; path = swapchain.cpp; sourceTree = "<group>"; };
		BDA11AB02206323F003092B8 /* swapchain.hpp */ = {isa = PBXFileReference; lastKnownFileType = sourcecode.cpp.h; path = swapchain.hpp; sourceTree = "<group>"; };
		BDA11AB222064E07003092B8 /* application.cpp */ = {isa = PBXFileReference; lastKnownFileType = sourcecode.cpp.cpp; path = application.cpp; sourceTree = "<group>"; };
		BDA11AB322064E07003092B8 /* application.hpp */ = {isa = PBXFileReference; lastKnownFileType = sourcecode.cpp.h; path = application.hpp; sourceTree = "<group>"; };
		BDA71386220A9997007FD13C /* triangle.vert */ = {isa = PBXFileReference; lastKnownFileType = sourcecode.glsl; path = triangle.vert; sourceTree = "<group>"; };
		BDA71387220A9A90007FD13C /* triangle.frag */ = {isa = PBXFileReference; lastKnownFileType = sourcecode.glsl; path = triangle.frag; sourceTree = "<group>"; };
		BDA71390220AA6D7007FD13C /* triangle.frag.spv */ = {isa = PBXFileReference; lastKnownFileType = file; path = triangle.frag.spv; sourceTree = "<group>"; };
		BDA71391220AA6D7007FD13C /* triangle.vert.spv */ = {isa = PBXFileReference; lastKnownFileType = file; path = triangle.vert.spv; sourceTree = "<group>"; };
		BDA71394220AB1E2007FD13C /* utils.cpp */ = {isa = PBXFileReference; lastKnownFileType = sourcecode.cpp.cpp; path = utils.cpp; sourceTree = "<group>"; };
/* End PBXFileReference section */

/* Begin PBXFrameworksBuildPhase section */
		BD24359A21AD9B1C00027627 /* Frameworks */ = {
			isa = PBXFrameworksBuildPhase;
			buildActionMask = 2147483647;
			files = (
				BD5F5F1121FA43DD006BD2AC /* libvulkan.1.dylib in Frameworks */,
				BD34960421AF3F4000F4C000 /* libglfw.3.3.dylib in Frameworks */,
			);
			runOnlyForDeploymentPostprocessing = 0;
		};
/* End PBXFrameworksBuildPhase section */

/* Begin PBXGroup section */
		BD24359421AD9B1C00027627 = {
			isa = PBXGroup;
			children = (
				BD24359F21AD9B1C00027627 /* LearnVulkan */,
				BD24359E21AD9B1C00027627 /* Products */,
				BDA56D7A21ADA0B700A4B992 /* Frameworks */,
			);
			sourceTree = "<group>";
		};
		BD24359E21AD9B1C00027627 /* Products */ = {
			isa = PBXGroup;
			children = (
				BD24359D21AD9B1C00027627 /* LearnVulkan */,
			);
			name = Products;
			sourceTree = "<group>";
		};
		BD24359F21AD9B1C00027627 /* LearnVulkan */ = {
			isa = PBXGroup;
			children = (
				BD2435A021AD9B1C00027627 /* main.cpp */,
				BDA11AB322064E07003092B8 /* application.hpp */,
				BDA11AB222064E07003092B8 /* application.cpp */,
				BD6D210E221000E800FF1910 /* commandbuffer.hpp */,
				BD6D210D221000E800FF1910 /* commandbuffer.cpp */,
				BD151CB3220BF9A300A6FC75 /* pipeline.hpp */,
				BD151CB2220BF9A300A6FC75 /* pipeline.cpp */,
				BD098BC8220D4D2600E34A0A /* renderpass.hpp */,
				BD098BC7220D4D2600E34A0A /* renderpass.cpp */,
				BDA11AB02206323F003092B8 /* swapchain.hpp */,
				BDA11AAF2206323F003092B8 /* swapchain.cpp */,
				BD30819B21B1929300F30C2C /* validation.hpp */,
				BD30819A21B1929300F30C2C /* validation.cpp */,
				BDA11AAD22061C7B003092B8 /* utils.hpp */,
				BDA71394220AB1E2007FD13C /* utils.cpp */,
				BDA71385220A96B5007FD13C /* shaders */,
				BDA7138F220AA6B2007FD13C /* compiled */,
			);
			path = LearnVulkan;
			sourceTree = "<group>";
		};
		BDA56D7A21ADA0B700A4B992 /* Frameworks */ = {
			isa = PBXGroup;
			children = (
				BD5F5F1021FA43DD006BD2AC /* libvulkan.1.dylib */,
				BD34960321AF3F4000F4C000 /* libglfw.3.3.dylib */,
			);
			name = Frameworks;
			sourceTree = "<group>";
		};
		BDA71385220A96B5007FD13C /* shaders */ = {
			isa = PBXGroup;
			children = (
				BDA71386220A9997007FD13C /* triangle.vert */,
				BDA71387220A9A90007FD13C /* triangle.frag */,
			);
			path = shaders;
			sourceTree = "<group>";
		};
		BDA7138F220AA6B2007FD13C /* compiled */ = {
			isa = PBXGroup;
			children = (
				BDA71391220AA6D7007FD13C /* triangle.vert.spv */,
				BDA71390220AA6D7007FD13C /* triangle.frag.spv */,
			);
			path = compiled;
			sourceTree = "<group>";
		};
/* End PBXGroup section */

/* Begin PBXNativeTarget section */
		BD24359C21AD9B1C00027627 /* LearnVulkan */ = {
			isa = PBXNativeTarget;
			buildConfigurationList = BD2435A421AD9B1C00027627 /* Build configuration list for PBXNativeTarget "LearnVulkan" */;
			buildPhases = (
				BD24359921AD9B1C00027627 /* Sources */,
				BD24359A21AD9B1C00027627 /* Frameworks */,
				BD24359B21AD9B1C00027627 /* Copy Files */,
			);
			buildRules = (
			);
			dependencies = (
			);
			name = LearnVulkan;
			productName = LearnVulkan;
			productReference = BD24359D21AD9B1C00027627 /* LearnVulkan */;
			productType = "com.apple.product-type.tool";
		};
/* End PBXNativeTarget section */

/* Begin PBXProject section */
		BD24359521AD9B1C00027627 /* Project object */ = {
			isa = PBXProject;
			attributes = {
				LastUpgradeCheck = 1010;
				ORGANIZATIONNAME = "Pujun Lun";
				TargetAttributes = {
					BD24359C21AD9B1C00027627 = {
						CreatedOnToolsVersion = 10.1;
					};
				};
			};
			buildConfigurationList = BD24359821AD9B1C00027627 /* Build configuration list for PBXProject "LearnVulkan" */;
			compatibilityVersion = "Xcode 9.3";
			developmentRegion = en;
			hasScannedForEncodings = 0;
			knownRegions = (
				en,
			);
			mainGroup = BD24359421AD9B1C00027627;
			productRefGroup = BD24359E21AD9B1C00027627 /* Products */;
			projectDirPath = "";
			projectRoot = "";
			targets = (
				BD24359C21AD9B1C00027627 /* LearnVulkan */,
			);
		};
/* End PBXProject section */

/* Begin PBXSourcesBuildPhase section */
		BD24359921AD9B1C00027627 /* Sources */ = {
			isa = PBXSourcesBuildPhase;
			buildActionMask = 2147483647;
			files = (
				BDA11AB422064E07003092B8 /* application.cpp in Sources */,
				BDA71395220AB1E2007FD13C /* utils.cpp in Sources */,
				BD2435A121AD9B1C00027627 /* main.cpp in Sources */,
				BD6D210F221000E800FF1910 /* commandbuffer.cpp in Sources */,
				BD151CB4220BF9A300A6FC75 /* pipeline.cpp in Sources */,
				BDA11AB12206323F003092B8 /* swapchain.cpp in Sources */,
				BD30819C21B1929300F30C2C /* validation.cpp in Sources */,
				BD098BC9220D4D2600E34A0A /* renderpass.cpp in Sources */,
			);
			runOnlyForDeploymentPostprocessing = 0;
		};
/* End PBXSourcesBuildPhase section */

/* Begin XCBuildConfiguration section */
		BD2435A221AD9B1C00027627 /* Debug */ = {
			isa = XCBuildConfiguration;
			buildSettings = {
				ALWAYS_SEARCH_USER_PATHS = NO;
				CLANG_ANALYZER_NONNULL = YES;
				CLANG_ANALYZER_NUMBER_OBJECT_CONVERSION = YES_AGGRESSIVE;
				CLANG_CXX_LANGUAGE_STANDARD = "gnu++14";
				CLANG_CXX_LIBRARY = "libc++";
				CLANG_ENABLE_MODULES = YES;
				CLANG_ENABLE_OBJC_ARC = YES;
				CLANG_ENABLE_OBJC_WEAK = YES;
				CLANG_WARN_BLOCK_CAPTURE_AUTORELEASING = YES;
				CLANG_WARN_BOOL_CONVERSION = YES;
				CLANG_WARN_COMMA = YES;
				CLANG_WARN_CONSTANT_CONVERSION = YES;
				CLANG_WARN_DEPRECATED_OBJC_IMPLEMENTATIONS = YES;
				CLANG_WARN_DIRECT_OBJC_ISA_USAGE = YES_ERROR;
				CLANG_WARN_DOCUMENTATION_COMMENTS = YES;
				CLANG_WARN_EMPTY_BODY = YES;
				CLANG_WARN_ENUM_CONVERSION = YES;
				CLANG_WARN_INFINITE_RECURSION = YES;
				CLANG_WARN_INT_CONVERSION = YES;
				CLANG_WARN_NON_LITERAL_NULL_CONVERSION = YES;
				CLANG_WARN_OBJC_IMPLICIT_RETAIN_SELF = YES;
				CLANG_WARN_OBJC_LITERAL_CONVERSION = YES;
				CLANG_WARN_OBJC_ROOT_CLASS = YES_ERROR;
				CLANG_WARN_RANGE_LOOP_ANALYSIS = YES;
				CLANG_WARN_STRICT_PROTOTYPES = YES;
				CLANG_WARN_SUSPICIOUS_MOVE = YES;
				CLANG_WARN_UNGUARDED_AVAILABILITY = YES_AGGRESSIVE;
				CLANG_WARN_UNREACHABLE_CODE = YES;
				CLANG_WARN__DUPLICATE_METHOD_MATCH = YES;
				CODE_SIGN_IDENTITY = "Mac Developer";
				COPY_PHASE_STRIP = NO;
				DEBUG_INFORMATION_FORMAT = dwarf;
				ENABLE_STRICT_OBJC_MSGSEND = YES;
				ENABLE_TESTABILITY = YES;
				GCC_C_LANGUAGE_STANDARD = gnu11;
				GCC_DYNAMIC_NO_PIC = NO;
				GCC_NO_COMMON_BLOCKS = YES;
				GCC_OPTIMIZATION_LEVEL = 0;
				GCC_PREPROCESSOR_DEFINITIONS = (
					"DEBUG=1",
					"$(inherited)",
				);
				GCC_WARN_64_TO_32_BIT_CONVERSION = YES;
				GCC_WARN_ABOUT_RETURN_TYPE = YES_ERROR;
				GCC_WARN_UNDECLARED_SELECTOR = YES;
				GCC_WARN_UNINITIALIZED_AUTOS = YES_AGGRESSIVE;
				GCC_WARN_UNUSED_FUNCTION = YES;
				GCC_WARN_UNUSED_VARIABLE = YES;
				MACOSX_DEPLOYMENT_TARGET = 10.14;
				MTL_ENABLE_DEBUG_INFO = INCLUDE_SOURCE;
				MTL_FAST_MATH = YES;
				ONLY_ACTIVE_ARCH = YES;
				SDKROOT = macosx;
			};
			name = Debug;
		};
		BD2435A321AD9B1C00027627 /* Release */ = {
			isa = XCBuildConfiguration;
			buildSettings = {
				ALWAYS_SEARCH_USER_PATHS = NO;
				CLANG_ANALYZER_NONNULL = YES;
				CLANG_ANALYZER_NUMBER_OBJECT_CONVERSION = YES_AGGRESSIVE;
				CLANG_CXX_LANGUAGE_STANDARD = "gnu++14";
				CLANG_CXX_LIBRARY = "libc++";
				CLANG_ENABLE_MODULES = YES;
				CLANG_ENABLE_OBJC_ARC = YES;
				CLANG_ENABLE_OBJC_WEAK = YES;
				CLANG_WARN_BLOCK_CAPTURE_AUTORELEASING = YES;
				CLANG_WARN_BOOL_CONVERSION = YES;
				CLANG_WARN_COMMA = YES;
				CLANG_WARN_CONSTANT_CONVERSION = YES;
				CLANG_WARN_DEPRECATED_OBJC_IMPLEMENTATIONS = YES;
				CLANG_WARN_DIRECT_OBJC_ISA_USAGE = YES_ERROR;
				CLANG_WARN_DOCUMENTATION_COMMENTS = YES;
				CLANG_WARN_EMPTY_BODY = YES;
				CLANG_WARN_ENUM_CONVERSION = YES;
				CLANG_WARN_INFINITE_RECURSION = YES;
				CLANG_WARN_INT_CONVERSION = YES;
				CLANG_WARN_NON_LITERAL_NULL_CONVERSION = YES;
				CLANG_WARN_OBJC_IMPLICIT_RETAIN_SELF = YES;
				CLANG_WARN_OBJC_LITERAL_CONVERSION = YES;
				CLANG_WARN_OBJC_ROOT_CLASS = YES_ERROR;
				CLANG_WARN_RANGE_LOOP_ANALYSIS = YES;
				CLANG_WARN_STRICT_PROTOTYPES = YES;
				CLANG_WARN_SUSPICIOUS_MOVE = YES;
				CLANG_WARN_UNGUARDED_AVAILABILITY = YES_AGGRESSIVE;
				CLANG_WARN_UNREACHABLE_CODE = YES;
				CLANG_WARN__DUPLICATE_METHOD_MATCH = YES;
				CODE_SIGN_IDENTITY = "Mac Developer";
				COPY_PHASE_STRIP = NO;
				DEBUG_INFORMATION_FORMAT = "dwarf-with-dsym";
				ENABLE_NS_ASSERTIONS = NO;
				ENABLE_STRICT_OBJC_MSGSEND = YES;
				GCC_C_LANGUAGE_STANDARD = gnu11;
				GCC_NO_COMMON_BLOCKS = YES;
				GCC_WARN_64_TO_32_BIT_CONVERSION = YES;
				GCC_WARN_ABOUT_RETURN_TYPE = YES_ERROR;
				GCC_WARN_UNDECLARED_SELECTOR = YES;
				GCC_WARN_UNINITIALIZED_AUTOS = YES_AGGRESSIVE;
				GCC_WARN_UNUSED_FUNCTION = YES;
				GCC_WARN_UNUSED_VARIABLE = YES;
				MACOSX_DEPLOYMENT_TARGET = 10.14;
				MTL_ENABLE_DEBUG_INFO = NO;
				MTL_FAST_MATH = YES;
				SDKROOT = macosx;
			};
			name = Release;
		};
		BD2435A521AD9B1C00027627 /* Debug */ = {
			isa = XCBuildConfiguration;
			buildSettings = {
				CODE_SIGN_STYLE = Automatic;
				DEVELOPMENT_TEAM = DXJ7AC4744;
				LIBRARY_SEARCH_PATHS = (
					/usr/local/lib,
					/Users/lun/Desktop/Code/libs/vulkan/macOS/lib,
					"/usr/local/Cellar/glfw/HEAD-bb2ca1d/lib",
				);
				PRODUCT_NAME = "$(TARGET_NAME)";
				SYSTEM_HEADER_SEARCH_PATHS = (
					/Users/lun/Desktop/Code/libs,
					/usr/local/include,
					/Users/lun/Desktop/Code/libs/vulkan/macOS/include,
				);
			};
			name = Debug;
		};
		BD2435A621AD9B1C00027627 /* Release */ = {
			isa = XCBuildConfiguration;
			buildSettings = {
				CODE_SIGN_STYLE = Automatic;
				DEVELOPMENT_TEAM = DXJ7AC4744;
				LIBRARY_SEARCH_PATHS = (
					/usr/local/lib,
					/Users/lun/Desktop/Code/libs/vulkan/macOS/lib,
					"/usr/local/Cellar/glfw/HEAD-bb2ca1d/lib",
				);
				PRODUCT_NAME = "$(TARGET_NAME)";
				SYSTEM_HEADER_SEARCH_PATHS = (
					/Users/lun/Desktop/Code/libs,
					/usr/local/include,
					/Users/lun/Desktop/Code/libs/vulkan/macOS/include,
				);
			};
			name = Release;
		};
/* End XCBuildConfiguration section */

/* Begin XCConfigurationList section */
		BD24359821AD9B1C00027627 /* Build configuration list for PBXProject "LearnVulkan" */ = {
			isa = XCConfigurationList;
			buildConfigurations = (
				BD2435A221AD9B1C00027627 /* Debug */,
				BD2435A321AD9B1C00027627 /* Release */,
			);
			defaultConfigurationIsVisible = 0;
			defaultConfigurationName = Release;
		};
		BD2435A421AD9B1C00027627 /* Build configuration list for PBXNativeTarget "LearnVulkan" */ = {
			isa = XCConfigurationList;
			buildConfigurations = (
				BD2435A521AD9B1C00027627 /* Debug */,
				BD2435A621AD9B1C00027627 /* Release */,
			);
			defaultConfigurationIsVisible = 0;
			defaultConfigurationName = Release;
		};
/* End XCConfigurationList section */
	};
	rootObject = BD24359521AD9B1C00027627 /* Project object */;
}
